
Microsoft Visual Studio Solution File, Format Version 12.00
# Visual Studio 14
VisualStudioVersion = 14.0.25420.1
MinimumVisualStudioVersion = 10.0.40219.1
Project("{888888A0-9F3D-457C-B088-3A5042F75D52}") = "MoiveScrapy", "MoiveScrapy\MoiveScrapy.pyproj", "{4C8092E1-8A18-45FC-B35A-EED0D6FDD3FF}"
EndProject
Global
	GlobalSection(SolutionConfigurationPlatforms) = preSolution
		Debug|Any CPU = Debug|Any CPU
		Release|Any CPU = Release|Any CPU
	EndGlobalSection
	GlobalSection(ProjectConfigurationPlatforms) = postSolution
		{4C8092E1-8A18-45FC-B35A-EED0D6FDD3FF}.Debug|Any CPU.ActiveCfg = Debug|Any CPU
		{4C8092E1-8A18-45FC-B35A-EED0D6FDD3FF}.Release|Any CPU.ActiveCfg = Release|Any CPU
	EndGlobalSection
	GlobalSection(SolutionProperties) = preSolution
		HideSolutionNode = FALSE
	EndGlobalSection
EndGlobal
